
Microsoft Visual Studio Solution File, Format Version 12.00
# Visual Studio Version 17
VisualStudioVersion = 17.3.32611.2
MinimumVisualStudioVersion = 10.0.40219.1
Project("{FAE04EC0-301F-11D3-BF4B-00C04F79EFBC}") = "Stryx.OS.Server", "Stryx.OS\Server\Stryx.OS.Server.csproj", "{BB034399-0809-44D6-9CE6-3DBB3B637DB8}"
EndProject
Project("{FAE04EC0-301F-11D3-BF4B-00C04F79EFBC}") = "Stryx.OS.Client", "Stryx.OS\Client\Stryx.OS.Client.csproj", "{A607F1C3-A6E9-49DC-B643-A74C86707C85}"
EndProject
Project("{FAE04EC0-301F-11D3-BF4B-00C04F79EFBC}") = "Stryx.OS.Shared", "Stryx.OS\Shared\Stryx.OS.Shared.csproj", "{C4984659-AD34-4EE6-A77D-E1F780D32B3C}"
EndProject
Project("{2150E333-8FDC-42A3-9474-1A3956D46DE8}") = "Libraries", "Libraries", "{46962380-E47A-45B9-A751-2958CA6F4880}"
EndProject
Project("{2150E333-8FDC-42A3-9474-1A3956D46DE8}") = "Apps", "Apps", "{596F944B-7D42-4E13-B78C-76F0340EE895}"
EndProject
Project("{FAE04EC0-301F-11D3-BF4B-00C04F79EFBC}") = "Stryx.OS.Kernel", "Libraries\Kernel\Stryx.OS.Kernel\Stryx.OS.Kernel.csproj", "{AED78FF7-0B90-4E96-B1DF-87F1C52AAEB8}"
EndProject
Project("{FAE04EC0-301F-11D3-BF4B-00C04F79EFBC}") = "Stryx.OS.App.ASB", "Apps\App.ASB\Stryx.OS.App.ASB\Stryx.OS.App.ASB.csproj", "{FD26E3F8-EF86-411C-B235-860F4DE75570}"
EndProject
Project("{FAE04EC0-301F-11D3-BF4B-00C04F79EFBC}") = "Stryx.OS.App.Atlas", "Apps\App.Atlas\Stryx.OS.App.Atlas\Stryx.OS.App.Atlas.csproj", "{800E5543-9050-4CF6-A709-4305B50CBAB1}"
EndProject
Project("{FAE04EC0-301F-11D3-BF4B-00C04F79EFBC}") = "Stryx.OS.App.Browser", "Apps\App.Browser\Stryx.OS.App.Browser\Stryx.OS.App.Browser.csproj", "{56239EB9-3513-4219-B95D-503FFC21967C}"
EndProject
Project("{FAE04EC0-301F-11D3-BF4B-00C04F79EFBC}") = "Stryx.OS.App.Calculator", "Apps\App.Calculator\Stryx.OS.App.Calculator\Stryx.OS.App.Calculator.csproj", "{1081173B-FDBE-40DD-B28B-CEE6693AF971}"
EndProject
Project("{FAE04EC0-301F-11D3-BF4B-00C04F79EFBC}") = "Stryx.OS.App.Files", "Apps\App.Files\Stryx.OS.App.Files\Stryx.OS.App.Files.csproj", "{E3C089E7-8C73-449D-A983-4500623DB9E6}"
EndProject
Project("{FAE04EC0-301F-11D3-BF4B-00C04F79EFBC}") = "Stryx.OS.App.Games", "Apps\App.Games\Stryx.OS.App.Games\Stryx.OS.App.Games.csproj", "{42EB7A77-6DCF-4567-9049-904B04F1F68A}"
EndProject
Project("{FAE04EC0-301F-11D3-BF4B-00C04F79EFBC}") = "Stryx.OS.App.News", "Apps\App.News\Stryx.OS.App.News\Stryx.OS.App.News.csproj", "{CFFE83E5-8379-4B21-823C-542225F4ACA8}"
EndProject
Project("{FAE04EC0-301F-11D3-BF4B-00C04F79EFBC}") = "Stryx.OS.App.Health", "Apps\App.Health\Stryx.OS.App.Health\Stryx.OS.App.Health.csproj", "{7C722E62-54D6-4613-845E-B3303828C296}"
EndProject
Project("{FAE04EC0-301F-11D3-BF4B-00C04F79EFBC}") = "Stryx.OS.App.Notepad", "Apps\App.Notepad\Stryx.OS.App.Notepad\Stryx.OS.App.Notepad.csproj", "{2B1EC3CA-2416-419B-97AF-C8D199EDEE9A}"
EndProject
Project("{FAE04EC0-301F-11D3-BF4B-00C04F79EFBC}") = "Stryx.OS.App.Videos", "Apps\App.Videos\Stryx.OS.App.Videos\Stryx.OS.App.Videos.csproj", "{15C66290-D512-44BA-A3CF-9A34298EA63F}"
EndProject
Project("{FAE04EC0-301F-11D3-BF4B-00C04F79EFBC}") = "Stryx.OS.App.Photos", "Apps\App.Photos\Stryx.OS.App.Photos\Stryx.OS.App.Photos.csproj", "{CAB7B3B1-A3AC-4AB4-A8E5-B5F18318FD30}"
EndProject
Project("{FAE04EC0-301F-11D3-BF4B-00C04F79EFBC}") = "Stryx.OS.App.Settings", "Apps\App.Settings\Stryx.OS.App.Settings\Stryx.OS.App.Settings.csproj", "{FB16D3A3-D912-4D27-BC7D-5533147A6992}"
EndProject
Project("{9A19103F-16F7-4668-BE54-9A1E7A4F7556}") = "StryxLib.NET", "Libraries\StryxLib\StryxLib.NET\StryxLib.NET.csproj", "{4532F1B9-11DA-4AE4-ABAD-02424994587F}"
EndProject
Project("{9A19103F-16F7-4668-BE54-9A1E7A4F7556}") = "StryxLib.NET.ASP", "Libraries\StryxLib\StryxLib.NET.ASP\StryxLib.NET.ASP.csproj", "{E4E84B11-39CA-439D-8213-5A6D847F0614}"
EndProject
Global
	GlobalSection(SolutionConfigurationPlatforms) = preSolution
		Debug|Any CPU = Debug|Any CPU
		Release|Any CPU = Release|Any CPU
	EndGlobalSection
	GlobalSection(ProjectConfigurationPlatforms) = postSolution
		{BB034399-0809-44D6-9CE6-3DBB3B637DB8}.Debug|Any CPU.ActiveCfg = Debug|Any CPU
		{BB034399-0809-44D6-9CE6-3DBB3B637DB8}.Debug|Any CPU.Build.0 = Debug|Any CPU
		{BB034399-0809-44D6-9CE6-3DBB3B637DB8}.Release|Any CPU.ActiveCfg = Release|Any CPU
		{BB034399-0809-44D6-9CE6-3DBB3B637DB8}.Release|Any CPU.Build.0 = Release|Any CPU
		{A607F1C3-A6E9-49DC-B643-A74C86707C85}.Debug|Any CPU.ActiveCfg = Debug|Any CPU
		{A607F1C3-A6E9-49DC-B643-A74C86707C85}.Debug|Any CPU.Build.0 = Debug|Any CPU
		{A607F1C3-A6E9-49DC-B643-A74C86707C85}.Release|Any CPU.ActiveCfg = Release|Any CPU
		{A607F1C3-A6E9-49DC-B643-A74C86707C85}.Release|Any CPU.Build.0 = Release|Any CPU
		{C4984659-AD34-4EE6-A77D-E1F780D32B3C}.Debug|Any CPU.ActiveCfg = Debug|Any CPU
		{C4984659-AD34-4EE6-A77D-E1F780D32B3C}.Debug|Any CPU.Build.0 = Debug|Any CPU
		{C4984659-AD34-4EE6-A77D-E1F780D32B3C}.Release|Any CPU.ActiveCfg = Release|Any CPU
		{C4984659-AD34-4EE6-A77D-E1F780D32B3C}.Release|Any CPU.Build.0 = Release|Any CPU
		{AED78FF7-0B90-4E96-B1DF-87F1C52AAEB8}.Debug|Any CPU.ActiveCfg = Debug|Any CPU
		{AED78FF7-0B90-4E96-B1DF-87F1C52AAEB8}.Debug|Any CPU.Build.0 = Debug|Any CPU
		{AED78FF7-0B90-4E96-B1DF-87F1C52AAEB8}.Release|Any CPU.ActiveCfg = Release|Any CPU
		{AED78FF7-0B90-4E96-B1DF-87F1C52AAEB8}.Release|Any CPU.Build.0 = Release|Any CPU
		{FD26E3F8-EF86-411C-B235-860F4DE75570}.Debug|Any CPU.ActiveCfg = Debug|Any CPU
		{FD26E3F8-EF86-411C-B235-860F4DE75570}.Debug|Any CPU.Build.0 = Debug|Any CPU
		{FD26E3F8-EF86-411C-B235-860F4DE75570}.Release|Any CPU.ActiveCfg = Release|Any CPU
		{FD26E3F8-EF86-411C-B235-860F4DE75570}.Release|Any CPU.Build.0 = Release|Any CPU
		{800E5543-9050-4CF6-A709-4305B50CBAB1}.Debug|Any CPU.ActiveCfg = Debug|Any CPU
		{800E5543-9050-4CF6-A709-4305B50CBAB1}.Debug|Any CPU.Build.0 = Debug|Any CPU
		{800E5543-9050-4CF6-A709-4305B50CBAB1}.Release|Any CPU.ActiveCfg = Release|Any CPU
		{800E5543-9050-4CF6-A709-4305B50CBAB1}.Release|Any CPU.Build.0 = Release|Any CPU
		{56239EB9-3513-4219-B95D-503FFC21967C}.Debug|Any CPU.ActiveCfg = Debug|Any CPU
		{56239EB9-3513-4219-B95D-503FFC21967C}.Debug|Any CPU.Build.0 = Debug|Any CPU
		{56239EB9-3513-4219-B95D-503FFC21967C}.Release|Any CPU.ActiveCfg = Release|Any CPU
		{56239EB9-3513-4219-B95D-503FFC21967C}.Release|Any CPU.Build.0 = Release|Any CPU
		{1081173B-FDBE-40DD-B28B-CEE6693AF971}.Debug|Any CPU.ActiveCfg = Debug|Any CPU
		{1081173B-FDBE-40DD-B28B-CEE6693AF971}.Debug|Any CPU.Build.0 = Debug|Any CPU
		{1081173B-FDBE-40DD-B28B-CEE6693AF971}.Release|Any CPU.ActiveCfg = Release|Any CPU
		{1081173B-FDBE-40DD-B28B-CEE6693AF971}.Release|Any CPU.Build.0 = Release|Any CPU
		{E3C089E7-8C73-449D-A983-4500623DB9E6}.Debug|Any CPU.ActiveCfg = Debug|Any CPU
		{E3C089E7-8C73-449D-A983-4500623DB9E6}.Debug|Any CPU.Build.0 = Debug|Any CPU
		{E3C089E7-8C73-449D-A983-4500623DB9E6}.Release|Any CPU.ActiveCfg = Release|Any CPU
		{E3C089E7-8C73-449D-A983-4500623DB9E6}.Release|Any CPU.Build.0 = Release|Any CPU
		{42EB7A77-6DCF-4567-9049-904B04F1F68A}.Debug|Any CPU.ActiveCfg = Debug|Any CPU
		{42EB7A77-6DCF-4567-9049-904B04F1F68A}.Debug|Any CPU.Build.0 = Debug|Any CPU
		{42EB7A77-6DCF-4567-9049-904B04F1F68A}.Release|Any CPU.ActiveCfg = Release|Any CPU
		{42EB7A77-6DCF-4567-9049-904B04F1F68A}.Release|Any CPU.Build.0 = Release|Any CPU
		{CFFE83E5-8379-4B21-823C-542225F4ACA8}.Debug|Any CPU.ActiveCfg = Debug|Any CPU
		{CFFE83E5-8379-4B21-823C-542225F4ACA8}.Debug|Any CPU.Build.0 = Debug|Any CPU
		{CFFE83E5-8379-4B21-823C-542225F4ACA8}.Release|Any CPU.ActiveCfg = Release|Any CPU
		{CFFE83E5-8379-4B21-823C-542225F4ACA8}.Release|Any CPU.Build.0 = Release|Any CPU
		{7C722E62-54D6-4613-845E-B3303828C296}.Debug|Any CPU.ActiveCfg = Debug|Any CPU
		{7C722E62-54D6-4613-845E-B3303828C296}.Debug|Any CPU.Build.0 = Debug|Any CPU
		{7C722E62-54D6-4613-845E-B3303828C296}.Release|Any CPU.ActiveCfg = Release|Any CPU
		{7C722E62-54D6-4613-845E-B3303828C296}.Release|Any CPU.Build.0 = Release|Any CPU
		{2B1EC3CA-2416-419B-97AF-C8D199EDEE9A}.Debug|Any CPU.ActiveCfg = Debug|Any CPU
		{2B1EC3CA-2416-419B-97AF-C8D199EDEE9A}.Debug|Any CPU.Build.0 = Debug|Any CPU
		{2B1EC3CA-2416-419B-97AF-C8D199EDEE9A}.Release|Any CPU.ActiveCfg = Release|Any CPU
		{2B1EC3CA-2416-419B-97AF-C8D199EDEE9A}.Release|Any CPU.Build.0 = Release|Any CPU
		{15C66290-D512-44BA-A3CF-9A34298EA63F}.Debug|Any CPU.ActiveCfg = Debug|Any CPU
		{15C66290-D512-44BA-A3CF-9A34298EA63F}.Debug|Any CPU.Build.0 = Debug|Any CPU
		{15C66290-D512-44BA-A3CF-9A34298EA63F}.Release|Any CPU.ActiveCfg = Release|Any CPU
		{15C66290-D512-44BA-A3CF-9A34298EA63F}.Release|Any CPU.Build.0 = Release|Any CPU
		{CAB7B3B1-A3AC-4AB4-A8E5-B5F18318FD30}.Debug|Any CPU.ActiveCfg = Debug|Any CPU
		{CAB7B3B1-A3AC-4AB4-A8E5-B5F18318FD30}.Debug|Any CPU.Build.0 = Debug|Any CPU
		{CAB7B3B1-A3AC-4AB4-A8E5-B5F18318FD30}.Release|Any CPU.ActiveCfg = Release|Any CPU
		{CAB7B3B1-A3AC-4AB4-A8E5-B5F18318FD30}.Release|Any CPU.Build.0 = Release|Any CPU
		{FB16D3A3-D912-4D27-BC7D-5533147A6992}.Debug|Any CPU.ActiveCfg = Debug|Any CPU
		{FB16D3A3-D912-4D27-BC7D-5533147A6992}.Debug|Any CPU.Build.0 = Debug|Any CPU
		{FB16D3A3-D912-4D27-BC7D-5533147A6992}.Release|Any CPU.ActiveCfg = Release|Any CPU
		{FB16D3A3-D912-4D27-BC7D-5533147A6992}.Release|Any CPU.Build.0 = Release|Any CPU
		{4532F1B9-11DA-4AE4-ABAD-02424994587F}.Debug|Any CPU.ActiveCfg = Debug|Any CPU
		{4532F1B9-11DA-4AE4-ABAD-02424994587F}.Debug|Any CPU.Build.0 = Debug|Any CPU
		{4532F1B9-11DA-4AE4-ABAD-02424994587F}.Release|Any CPU.ActiveCfg = Release|Any CPU
		{4532F1B9-11DA-4AE4-ABAD-02424994587F}.Release|Any CPU.Build.0 = Release|Any CPU
		{E4E84B11-39CA-439D-8213-5A6D847F0614}.Debug|Any CPU.ActiveCfg = Debug|Any CPU
		{E4E84B11-39CA-439D-8213-5A6D847F0614}.Debug|Any CPU.Build.0 = Debug|Any CPU
		{E4E84B11-39CA-439D-8213-5A6D847F0614}.Release|Any CPU.ActiveCfg = Release|Any CPU
		{E4E84B11-39CA-439D-8213-5A6D847F0614}.Release|Any CPU.Build.0 = Release|Any CPU
	EndGlobalSection
	GlobalSection(SolutionProperties) = preSolution
		HideSolutionNode = FALSE
	EndGlobalSection
	GlobalSection(NestedProjects) = preSolution
		{AED78FF7-0B90-4E96-B1DF-87F1C52AAEB8} = {46962380-E47A-45B9-A751-2958CA6F4880}
		{FD26E3F8-EF86-411C-B235-860F4DE75570} = {596F944B-7D42-4E13-B78C-76F0340EE895}
		{800E5543-9050-4CF6-A709-4305B50CBAB1} = {596F944B-7D42-4E13-B78C-76F0340EE895}
		{56239EB9-3513-4219-B95D-503FFC21967C} = {596F944B-7D42-4E13-B78C-76F0340EE895}
		{1081173B-FDBE-40DD-B28B-CEE6693AF971} = {596F944B-7D42-4E13-B78C-76F0340EE895}
		{E3C089E7-8C73-449D-A983-4500623DB9E6} = {596F944B-7D42-4E13-B78C-76F0340EE895}
		{42EB7A77-6DCF-4567-9049-904B04F1F68A} = {596F944B-7D42-4E13-B78C-76F0340EE895}
		{CFFE83E5-8379-4B21-823C-542225F4ACA8} = {596F944B-7D42-4E13-B78C-76F0340EE895}
		{7C722E62-54D6-4613-845E-B3303828C296} = {596F944B-7D42-4E13-B78C-76F0340EE895}
		{2B1EC3CA-2416-419B-97AF-C8D199EDEE9A} = {596F944B-7D42-4E13-B78C-76F0340EE895}
		{15C66290-D512-44BA-A3CF-9A34298EA63F} = {596F944B-7D42-4E13-B78C-76F0340EE895}
		{CAB7B3B1-A3AC-4AB4-A8E5-B5F18318FD30} = {596F944B-7D42-4E13-B78C-76F0340EE895}
		{FB16D3A3-D912-4D27-BC7D-5533147A6992} = {596F944B-7D42-4E13-B78C-76F0340EE895}
		{4532F1B9-11DA-4AE4-ABAD-02424994587F} = {46962380-E47A-45B9-A751-2958CA6F4880}
		{E4E84B11-39CA-439D-8213-5A6D847F0614} = {46962380-E47A-45B9-A751-2958CA6F4880}
	EndGlobalSection
	GlobalSection(ExtensibilityGlobals) = postSolution
		SolutionGuid = {E806046C-B8C2-4753-9970-3E781B354E44}
	EndGlobalSection
EndGlobal
